
Microsoft Visual Studio Solution File, Format Version 12.00
# Visual Studio Version 17
VisualStudioVersion = 17.14.36518.9
MinimumVisualStudioVersion = 10.0.40219.1
Project("{FAE04EC0-301F-11D3-BF4B-00C04F79EFBC}") = "API", "API\API.csproj", "{A4A76FEB-28F4-4466-B4B9-6C0EF35593C8}"
EndProject
Project("{FAE04EC0-301F-11D3-BF4B-00C04F79EFBC}") = "Domain", "Domain\Domain.csproj", "{44527E3C-BADF-4FBB-8440-E82B2DC29516}"
EndProject
Project("{FAE04EC0-301F-11D3-BF4B-00C04F79EFBC}") = "Application", "Application\Application.csproj", "{0DC0FB0E-2C44-4F22-A787-93B67BFD68C3}"
EndProject
Project("{FAE04EC0-301F-11D3-BF4B-00C04F79EFBC}") = "Infrastructure", "Infrastructure\Infrastructure.csproj", "{067F55CF-1DCE-47AA-BADF-FBDA7F23D0EA}"
EndProject
Global
	GlobalSection(SolutionConfigurationPlatforms) = preSolution
		Debug|Any CPU = Debug|Any CPU
		Release|Any CPU = Release|Any CPU
	EndGlobalSection
	GlobalSection(ProjectConfigurationPlatforms) = postSolution
		{A4A76FEB-28F4-4466-B4B9-6C0EF35593C8}.Debug|Any CPU.ActiveCfg = Debug|Any CPU
		{A4A76FEB-28F4-4466-B4B9-6C0EF35593C8}.Debug|Any CPU.Build.0 = Debug|Any CPU
		{A4A76FEB-28F4-4466-B4B9-6C0EF35593C8}.Release|Any CPU.ActiveCfg = Release|Any CPU
		{A4A76FEB-28F4-4466-B4B9-6C0EF35593C8}.Release|Any CPU.Build.0 = Release|Any CPU
		{44527E3C-BADF-4FBB-8440-E82B2DC29516}.Debug|Any CPU.ActiveCfg = Debug|Any CPU
		{44527E3C-BADF-4FBB-8440-E82B2DC29516}.Debug|Any CPU.Build.0 = Debug|Any CPU
		{44527E3C-BADF-4FBB-8440-E82B2DC29516}.Release|Any CPU.ActiveCfg = Release|Any CPU
		{44527E3C-BADF-4FBB-8440-E82B2DC29516}.Release|Any CPU.Build.0 = Release|Any CPU
		{0DC0FB0E-2C44-4F22-A787-93B67BFD68C3}.Debug|Any CPU.ActiveCfg = Debug|Any CPU
		{0DC0FB0E-2C44-4F22-A787-93B67BFD68C3}.Debug|Any CPU.Build.0 = Debug|Any CPU
		{0DC0FB0E-2C44-4F22-A787-93B67BFD68C3}.Release|Any CPU.ActiveCfg = Release|Any CPU
		{0DC0FB0E-2C44-4F22-A787-93B67BFD68C3}.Release|Any CPU.Build.0 = Release|Any CPU
		{067F55CF-1DCE-47AA-BADF-FBDA7F23D0EA}.Debug|Any CPU.ActiveCfg = Debug|Any CPU
		{067F55CF-1DCE-47AA-BADF-FBDA7F23D0EA}.Debug|Any CPU.Build.0 = Debug|Any CPU
		{067F55CF-1DCE-47AA-BADF-FBDA7F23D0EA}.Release|Any CPU.ActiveCfg = Release|Any CPU
		{067F55CF-1DCE-47AA-BADF-FBDA7F23D0EA}.Release|Any CPU.Build.0 = Release|Any CPU
	EndGlobalSection
	GlobalSection(SolutionProperties) = preSolution
		HideSolutionNode = FALSE
	EndGlobalSection
	GlobalSection(ExtensibilityGlobals) = postSolution
		SolutionGuid = {26D958BF-99DD-4EE0-9B33-52E22C2F4B4E}
	EndGlobalSection
EndGlobal
